
Microsoft Visual Studio Solution File, Format Version 12.00
# Visual Studio Version 17
VisualStudioVersion = 17.9.34701.34
MinimumVisualStudioVersion = 10.0.40219.1
Project("{9A19103F-16F7-4668-BE54-9A1E7A4F7556}") = "EjemploCondicionales", "Ejemplo2\EjemploCondicionales.csproj", "{4D5CCF45-85BF-40C9-8EB6-6750E74D3C77}"
EndProject
Project("{2150E333-8FDC-42A3-9474-1A3956D46DE8}") = "Ejemplos", "Ejemplos", "{68AF0D57-B4A1-4182-8E91-FBFE2B129676}"
EndProject
Project("{9A19103F-16F7-4668-BE54-9A1E7A4F7556}") = "Ejercicio6", "Ejercicio6\Ejercicio6.csproj", "{6E6CA048-559C-4AC9-B6C4-76901CA8AA8A}"
EndProject
Project("{2150E333-8FDC-42A3-9474-1A3956D46DE8}") = "Ejercicios", "Ejercicios", "{BBDE6BBF-BCCC-461E-BBAC-97667BE85B9F}"
EndProject
Project("{9A19103F-16F7-4668-BE54-9A1E7A4F7556}") = "EjemploBucles", "EjemploBucles\EjemploBucles.csproj", "{B8111267-4CC8-4A84-90C3-22267689C229}"
EndProject
Project("{9A19103F-16F7-4668-BE54-9A1E7A4F7556}") = "Ejercicio_1", "Ejercicio_1\Ejercicio_1.csproj", "{16982E78-A92B-46FA-BFEF-B2FB1EA97F87}"
EndProject
Project("{9A19103F-16F7-4668-BE54-9A1E7A4F7556}") = "Ejercicio2", "Ejercicio2\Ejercicio2.csproj", "{F6B98B8B-4632-4B04-8A9C-AA40DB2062DB}"
EndProject
Project("{9A19103F-16F7-4668-BE54-9A1E7A4F7556}") = "Ejercicio3", "Ejercicio3\Ejercicio3.csproj", "{BACA8E40-47D3-48EA-B08D-5DCA13608EAE}"
EndProject
Project("{9A19103F-16F7-4668-BE54-9A1E7A4F7556}") = "Ejercicio7", "Ejercicio7\Ejercicio7.csproj", "{5EC2C922-E1D5-46B4-A19D-9C4D2E7B2FF6}"
EndProject
Project("{9A19103F-16F7-4668-BE54-9A1E7A4F7556}") = "EjemploSwicht", "EjemploSwicht\EjemploSwicht.csproj", "{F46B15E7-A0D3-4D95-ACA6-F2AD8A8FD26D}"
EndProject
Project("{9A19103F-16F7-4668-BE54-9A1E7A4F7556}") = "EjemploArrays", "EjemploArrays\EjemploArrays.csproj", "{30BBE155-3881-43B5-8549-1063F23A3741}"
EndProject
Project("{9A19103F-16F7-4668-BE54-9A1E7A4F7556}") = "Ejercicio4", "Ejercicio4\Ejercicio4.csproj", "{6C6C1D2B-B2CB-47D0-9508-E694F0383223}"
EndProject
Project("{9A19103F-16F7-4668-BE54-9A1E7A4F7556}") = "Ejercicio5", "Ejercicio5\Ejercicio5.csproj", "{3E44E78A-B5F1-4F04-95DA-C28C79602A5D}"
EndProject
Project("{9A19103F-16F7-4668-BE54-9A1E7A4F7556}") = "Ejercicio4BucleFor", "Ejercicio4BucleFor\Ejercicio4BucleFor.csproj", "{FF9EEBB5-5E2F-4373-8894-405C9C017794}"
EndProject
Project("{2150E333-8FDC-42A3-9474-1A3956D46DE8}") = "EjerciciosString", "EjerciciosString", "{56C833BF-9DD4-4824-A347-60FC36476327}"
EndProject
Project("{9A19103F-16F7-4668-BE54-9A1E7A4F7556}") = "Ejercicio1", "Ejercicio1\Ejercicio1.csproj", "{667A4E22-EEF9-4628-B5F8-A526C6F10FD9}"
EndProject
Project("{9A19103F-16F7-4668-BE54-9A1E7A4F7556}") = "Ejercicio2String", "Ejercicio2String\Ejercicio2String.csproj", "{E9C9B0D9-BE50-4DF9-B6CC-74D95821059B}"
EndProject
Project("{9A19103F-16F7-4668-BE54-9A1E7A4F7556}") = "Ejercicio3String", "Ejercicio3String\Ejercicio3String.csproj", "{7145EAFF-6CAB-4F43-97FC-EF697B70B56E}"
EndProject
Project("{9A19103F-16F7-4668-BE54-9A1E7A4F7556}") = "Ejercicio4String", "Ejercicio4String\Ejercicio4String.csproj", "{C62B1083-A1EC-464A-81BE-8CB6F6EF394A}"
EndProject
Project("{9A19103F-16F7-4668-BE54-9A1E7A4F7556}") = "EjemploFunciones", "EjemploFunciones\EjemploFunciones.csproj", "{9085037D-16B6-427B-9605-B05C1979D13B}"
EndProject
Project("{9A19103F-16F7-4668-BE54-9A1E7A4F7556}") = "Ejercicio5String", "Ejercicio5String\Ejercicio5String.csproj", "{195C220F-4E5B-4229-A03E-7B8BA3CDEFDB}"
EndProject
Project("{2150E333-8FDC-42A3-9474-1A3956D46DE8}") = "EjercicioVectores", "EjercicioVectores", "{964FDDFD-34E6-4B48-A855-A3547EC567CA}"
EndProject
Project("{9A19103F-16F7-4668-BE54-9A1E7A4F7556}") = "Ejercicio1Vectores", "Ejercicio1Vectores\Ejercicio1Vectores.csproj", "{EF5E6A5A-7390-4FD1-B921-7C6AB8244C83}"
EndProject
Project("{9A19103F-16F7-4668-BE54-9A1E7A4F7556}") = "Ejercicio2Vectores", "Ejercicio2Vectores\Ejercicio2Vectores.csproj", "{567C95E4-14F4-4496-A3BC-E325F9CF9F74}"
EndProject
Project("{9A19103F-16F7-4668-BE54-9A1E7A4F7556}") = "Ejercicio3Vectores", "Ejercicio3Vectores\Ejercicio3Vectores.csproj", "{FC0C405C-C762-46AF-B9AC-81AA193B9331}"
EndProject
Project("{9A19103F-16F7-4668-BE54-9A1E7A4F7556}") = "LibreriaDeFunciones", "LibreriaDeFunciones\LibreriaDeFunciones.csproj", "{D5167B03-703F-4C36-85DA-81949077570B}"
EndProject
Project("{9A19103F-16F7-4668-BE54-9A1E7A4F7556}") = "EjemploFunciones2", "EjemploFunciones2\EjemploFunciones2.csproj", "{D0A2C611-C64A-46EC-B8F3-344A7C22A05E}"
EndProject
Project("{2150E333-8FDC-42A3-9474-1A3956D46DE8}") = "EjerciciosFunciones", "EjerciciosFunciones", "{21886F4A-4B84-488E-9C8F-1BB4DFC5CEEA}"
EndProject
Project("{9A19103F-16F7-4668-BE54-9A1E7A4F7556}") = "EjercicioFunciones1", "EjercicioFunciones1\EjercicioFunciones1.csproj", "{2194A07F-E626-43D3-B625-7DADD41072C7}"
EndProject
Project("{9A19103F-16F7-4668-BE54-9A1E7A4F7556}") = "EjercicioFunciones2", "EjercicioFunciones2\EjercicioFunciones2.csproj", "{31C8251E-4B8B-43CC-BEEF-CD11A8ACA56D}"
EndProject
Project("{FAE04EC0-301F-11D3-BF4B-00C04F79EFBC}") = "LibreriaDePersonas", "LibreriaDePersonas\LibreriaDePersonas.csproj", "{0F37158E-447B-44AA-BA7F-507A667CC10C}"
EndProject
Project("{FAE04EC0-301F-11D3-BF4B-00C04F79EFBC}") = "EjmeploClases1", "EjmeploClases1\EjmeploClases1.csproj", "{CE90DB87-39C0-4CFC-AFFC-4D61294D8658}"
EndProject
Project("{FAE04EC0-301F-11D3-BF4B-00C04F79EFBC}") = "LibreriaDeRobots", "LibreriaDeRobots\LibreriaDeRobots.csproj", "{6A10C263-43FF-487D-96D0-C854F39F64D9}"
EndProject
Project("{FAE04EC0-301F-11D3-BF4B-00C04F79EFBC}") = "EjemploRobots", "EjemploRobots\EjemploRobots.csproj", "{16BEE6F1-D28A-4EAC-B7CC-5455118A643F}"
EndProject
Global
	GlobalSection(SolutionConfigurationPlatforms) = preSolution
		Debug|Any CPU = Debug|Any CPU
		Release|Any CPU = Release|Any CPU
	EndGlobalSection
	GlobalSection(ProjectConfigurationPlatforms) = postSolution
		{4D5CCF45-85BF-40C9-8EB6-6750E74D3C77}.Debug|Any CPU.ActiveCfg = Debug|Any CPU
		{4D5CCF45-85BF-40C9-8EB6-6750E74D3C77}.Debug|Any CPU.Build.0 = Debug|Any CPU
		{4D5CCF45-85BF-40C9-8EB6-6750E74D3C77}.Release|Any CPU.ActiveCfg = Release|Any CPU
		{4D5CCF45-85BF-40C9-8EB6-6750E74D3C77}.Release|Any CPU.Build.0 = Release|Any CPU
		{6E6CA048-559C-4AC9-B6C4-76901CA8AA8A}.Debug|Any CPU.ActiveCfg = Debug|Any CPU
		{6E6CA048-559C-4AC9-B6C4-76901CA8AA8A}.Debug|Any CPU.Build.0 = Debug|Any CPU
		{6E6CA048-559C-4AC9-B6C4-76901CA8AA8A}.Release|Any CPU.ActiveCfg = Release|Any CPU
		{6E6CA048-559C-4AC9-B6C4-76901CA8AA8A}.Release|Any CPU.Build.0 = Release|Any CPU
		{B8111267-4CC8-4A84-90C3-22267689C229}.Debug|Any CPU.ActiveCfg = Debug|Any CPU
		{B8111267-4CC8-4A84-90C3-22267689C229}.Debug|Any CPU.Build.0 = Debug|Any CPU
		{B8111267-4CC8-4A84-90C3-22267689C229}.Release|Any CPU.ActiveCfg = Release|Any CPU
		{B8111267-4CC8-4A84-90C3-22267689C229}.Release|Any CPU.Build.0 = Release|Any CPU
		{16982E78-A92B-46FA-BFEF-B2FB1EA97F87}.Debug|Any CPU.ActiveCfg = Debug|Any CPU
		{16982E78-A92B-46FA-BFEF-B2FB1EA97F87}.Debug|Any CPU.Build.0 = Debug|Any CPU
		{16982E78-A92B-46FA-BFEF-B2FB1EA97F87}.Release|Any CPU.ActiveCfg = Release|Any CPU
		{16982E78-A92B-46FA-BFEF-B2FB1EA97F87}.Release|Any CPU.Build.0 = Release|Any CPU
		{F6B98B8B-4632-4B04-8A9C-AA40DB2062DB}.Debug|Any CPU.ActiveCfg = Debug|Any CPU
		{F6B98B8B-4632-4B04-8A9C-AA40DB2062DB}.Debug|Any CPU.Build.0 = Debug|Any CPU
		{F6B98B8B-4632-4B04-8A9C-AA40DB2062DB}.Release|Any CPU.ActiveCfg = Release|Any CPU
		{F6B98B8B-4632-4B04-8A9C-AA40DB2062DB}.Release|Any CPU.Build.0 = Release|Any CPU
		{BACA8E40-47D3-48EA-B08D-5DCA13608EAE}.Debug|Any CPU.ActiveCfg = Debug|Any CPU
		{BACA8E40-47D3-48EA-B08D-5DCA13608EAE}.Debug|Any CPU.Build.0 = Debug|Any CPU
		{BACA8E40-47D3-48EA-B08D-5DCA13608EAE}.Release|Any CPU.ActiveCfg = Release|Any CPU
		{BACA8E40-47D3-48EA-B08D-5DCA13608EAE}.Release|Any CPU.Build.0 = Release|Any CPU
		{5EC2C922-E1D5-46B4-A19D-9C4D2E7B2FF6}.Debug|Any CPU.ActiveCfg = Debug|Any CPU
		{5EC2C922-E1D5-46B4-A19D-9C4D2E7B2FF6}.Debug|Any CPU.Build.0 = Debug|Any CPU
		{5EC2C922-E1D5-46B4-A19D-9C4D2E7B2FF6}.Release|Any CPU.ActiveCfg = Release|Any CPU
		{5EC2C922-E1D5-46B4-A19D-9C4D2E7B2FF6}.Release|Any CPU.Build.0 = Release|Any CPU
		{F46B15E7-A0D3-4D95-ACA6-F2AD8A8FD26D}.Debug|Any CPU.ActiveCfg = Debug|Any CPU
		{F46B15E7-A0D3-4D95-ACA6-F2AD8A8FD26D}.Debug|Any CPU.Build.0 = Debug|Any CPU
		{F46B15E7-A0D3-4D95-ACA6-F2AD8A8FD26D}.Release|Any CPU.ActiveCfg = Release|Any CPU
		{F46B15E7-A0D3-4D95-ACA6-F2AD8A8FD26D}.Release|Any CPU.Build.0 = Release|Any CPU
		{30BBE155-3881-43B5-8549-1063F23A3741}.Debug|Any CPU.ActiveCfg = Debug|Any CPU
		{30BBE155-3881-43B5-8549-1063F23A3741}.Debug|Any CPU.Build.0 = Debug|Any CPU
		{30BBE155-3881-43B5-8549-1063F23A3741}.Release|Any CPU.ActiveCfg = Release|Any CPU
		{30BBE155-3881-43B5-8549-1063F23A3741}.Release|Any CPU.Build.0 = Release|Any CPU
		{6C6C1D2B-B2CB-47D0-9508-E694F0383223}.Debug|Any CPU.ActiveCfg = Debug|Any CPU
		{6C6C1D2B-B2CB-47D0-9508-E694F0383223}.Debug|Any CPU.Build.0 = Debug|Any CPU
		{6C6C1D2B-B2CB-47D0-9508-E694F0383223}.Release|Any CPU.ActiveCfg = Release|Any CPU
		{6C6C1D2B-B2CB-47D0-9508-E694F0383223}.Release|Any CPU.Build.0 = Release|Any CPU
		{3E44E78A-B5F1-4F04-95DA-C28C79602A5D}.Debug|Any CPU.ActiveCfg = Debug|Any CPU
		{3E44E78A-B5F1-4F04-95DA-C28C79602A5D}.Debug|Any CPU.Build.0 = Debug|Any CPU
		{3E44E78A-B5F1-4F04-95DA-C28C79602A5D}.Release|Any CPU.ActiveCfg = Release|Any CPU
		{3E44E78A-B5F1-4F04-95DA-C28C79602A5D}.Release|Any CPU.Build.0 = Release|Any CPU
		{FF9EEBB5-5E2F-4373-8894-405C9C017794}.Debug|Any CPU.ActiveCfg = Debug|Any CPU
		{FF9EEBB5-5E2F-4373-8894-405C9C017794}.Debug|Any CPU.Build.0 = Debug|Any CPU
		{FF9EEBB5-5E2F-4373-8894-405C9C017794}.Release|Any CPU.ActiveCfg = Release|Any CPU
		{FF9EEBB5-5E2F-4373-8894-405C9C017794}.Release|Any CPU.Build.0 = Release|Any CPU
		{667A4E22-EEF9-4628-B5F8-A526C6F10FD9}.Debug|Any CPU.ActiveCfg = Debug|Any CPU
		{667A4E22-EEF9-4628-B5F8-A526C6F10FD9}.Debug|Any CPU.Build.0 = Debug|Any CPU
		{667A4E22-EEF9-4628-B5F8-A526C6F10FD9}.Release|Any CPU.ActiveCfg = Release|Any CPU
		{667A4E22-EEF9-4628-B5F8-A526C6F10FD9}.Release|Any CPU.Build.0 = Release|Any CPU
		{E9C9B0D9-BE50-4DF9-B6CC-74D95821059B}.Debug|Any CPU.ActiveCfg = Debug|Any CPU
		{E9C9B0D9-BE50-4DF9-B6CC-74D95821059B}.Debug|Any CPU.Build.0 = Debug|Any CPU
		{E9C9B0D9-BE50-4DF9-B6CC-74D95821059B}.Release|Any CPU.ActiveCfg = Release|Any CPU
		{E9C9B0D9-BE50-4DF9-B6CC-74D95821059B}.Release|Any CPU.Build.0 = Release|Any CPU
		{7145EAFF-6CAB-4F43-97FC-EF697B70B56E}.Debug|Any CPU.ActiveCfg = Debug|Any CPU
		{7145EAFF-6CAB-4F43-97FC-EF697B70B56E}.Debug|Any CPU.Build.0 = Debug|Any CPU
		{7145EAFF-6CAB-4F43-97FC-EF697B70B56E}.Release|Any CPU.ActiveCfg = Release|Any CPU
		{7145EAFF-6CAB-4F43-97FC-EF697B70B56E}.Release|Any CPU.Build.0 = Release|Any CPU
		{C62B1083-A1EC-464A-81BE-8CB6F6EF394A}.Debug|Any CPU.ActiveCfg = Debug|Any CPU
		{C62B1083-A1EC-464A-81BE-8CB6F6EF394A}.Debug|Any CPU.Build.0 = Debug|Any CPU
		{C62B1083-A1EC-464A-81BE-8CB6F6EF394A}.Release|Any CPU.ActiveCfg = Release|Any CPU
		{C62B1083-A1EC-464A-81BE-8CB6F6EF394A}.Release|Any CPU.Build.0 = Release|Any CPU
		{9085037D-16B6-427B-9605-B05C1979D13B}.Debug|Any CPU.ActiveCfg = Debug|Any CPU
		{9085037D-16B6-427B-9605-B05C1979D13B}.Debug|Any CPU.Build.0 = Debug|Any CPU
		{9085037D-16B6-427B-9605-B05C1979D13B}.Release|Any CPU.ActiveCfg = Release|Any CPU
		{9085037D-16B6-427B-9605-B05C1979D13B}.Release|Any CPU.Build.0 = Release|Any CPU
		{195C220F-4E5B-4229-A03E-7B8BA3CDEFDB}.Debug|Any CPU.ActiveCfg = Debug|Any CPU
		{195C220F-4E5B-4229-A03E-7B8BA3CDEFDB}.Debug|Any CPU.Build.0 = Debug|Any CPU
		{195C220F-4E5B-4229-A03E-7B8BA3CDEFDB}.Release|Any CPU.ActiveCfg = Release|Any CPU
		{195C220F-4E5B-4229-A03E-7B8BA3CDEFDB}.Release|Any CPU.Build.0 = Release|Any CPU
		{EF5E6A5A-7390-4FD1-B921-7C6AB8244C83}.Debug|Any CPU.ActiveCfg = Debug|Any CPU
		{EF5E6A5A-7390-4FD1-B921-7C6AB8244C83}.Debug|Any CPU.Build.0 = Debug|Any CPU
		{EF5E6A5A-7390-4FD1-B921-7C6AB8244C83}.Release|Any CPU.ActiveCfg = Release|Any CPU
		{EF5E6A5A-7390-4FD1-B921-7C6AB8244C83}.Release|Any CPU.Build.0 = Release|Any CPU
		{567C95E4-14F4-4496-A3BC-E325F9CF9F74}.Debug|Any CPU.ActiveCfg = Debug|Any CPU
		{567C95E4-14F4-4496-A3BC-E325F9CF9F74}.Debug|Any CPU.Build.0 = Debug|Any CPU
		{567C95E4-14F4-4496-A3BC-E325F9CF9F74}.Release|Any CPU.ActiveCfg = Release|Any CPU
		{567C95E4-14F4-4496-A3BC-E325F9CF9F74}.Release|Any CPU.Build.0 = Release|Any CPU
		{FC0C405C-C762-46AF-B9AC-81AA193B9331}.Debug|Any CPU.ActiveCfg = Debug|Any CPU
		{FC0C405C-C762-46AF-B9AC-81AA193B9331}.Debug|Any CPU.Build.0 = Debug|Any CPU
		{FC0C405C-C762-46AF-B9AC-81AA193B9331}.Release|Any CPU.ActiveCfg = Release|Any CPU
		{FC0C405C-C762-46AF-B9AC-81AA193B9331}.Release|Any CPU.Build.0 = Release|Any CPU
		{D5167B03-703F-4C36-85DA-81949077570B}.Debug|Any CPU.ActiveCfg = Debug|Any CPU
		{D5167B03-703F-4C36-85DA-81949077570B}.Debug|Any CPU.Build.0 = Debug|Any CPU
		{D5167B03-703F-4C36-85DA-81949077570B}.Release|Any CPU.ActiveCfg = Release|Any CPU
		{D5167B03-703F-4C36-85DA-81949077570B}.Release|Any CPU.Build.0 = Release|Any CPU
		{D0A2C611-C64A-46EC-B8F3-344A7C22A05E}.Debug|Any CPU.ActiveCfg = Debug|Any CPU
		{D0A2C611-C64A-46EC-B8F3-344A7C22A05E}.Debug|Any CPU.Build.0 = Debug|Any CPU
		{D0A2C611-C64A-46EC-B8F3-344A7C22A05E}.Release|Any CPU.ActiveCfg = Release|Any CPU
		{D0A2C611-C64A-46EC-B8F3-344A7C22A05E}.Release|Any CPU.Build.0 = Release|Any CPU
		{2194A07F-E626-43D3-B625-7DADD41072C7}.Debug|Any CPU.ActiveCfg = Debug|Any CPU
		{2194A07F-E626-43D3-B625-7DADD41072C7}.Debug|Any CPU.Build.0 = Debug|Any CPU
		{2194A07F-E626-43D3-B625-7DADD41072C7}.Release|Any CPU.ActiveCfg = Release|Any CPU
		{2194A07F-E626-43D3-B625-7DADD41072C7}.Release|Any CPU.Build.0 = Release|Any CPU
		{31C8251E-4B8B-43CC-BEEF-CD11A8ACA56D}.Debug|Any CPU.ActiveCfg = Debug|Any CPU
		{31C8251E-4B8B-43CC-BEEF-CD11A8ACA56D}.Debug|Any CPU.Build.0 = Debug|Any CPU
		{31C8251E-4B8B-43CC-BEEF-CD11A8ACA56D}.Release|Any CPU.ActiveCfg = Release|Any CPU
		{31C8251E-4B8B-43CC-BEEF-CD11A8ACA56D}.Release|Any CPU.Build.0 = Release|Any CPU
		{0F37158E-447B-44AA-BA7F-507A667CC10C}.Debug|Any CPU.ActiveCfg = Debug|Any CPU
		{0F37158E-447B-44AA-BA7F-507A667CC10C}.Debug|Any CPU.Build.0 = Debug|Any CPU
		{0F37158E-447B-44AA-BA7F-507A667CC10C}.Release|Any CPU.ActiveCfg = Release|Any CPU
		{0F37158E-447B-44AA-BA7F-507A667CC10C}.Release|Any CPU.Build.0 = Release|Any CPU
		{CE90DB87-39C0-4CFC-AFFC-4D61294D8658}.Debug|Any CPU.ActiveCfg = Debug|Any CPU
		{CE90DB87-39C0-4CFC-AFFC-4D61294D8658}.Debug|Any CPU.Build.0 = Debug|Any CPU
		{CE90DB87-39C0-4CFC-AFFC-4D61294D8658}.Release|Any CPU.ActiveCfg = Release|Any CPU
		{CE90DB87-39C0-4CFC-AFFC-4D61294D8658}.Release|Any CPU.Build.0 = Release|Any CPU
		{6A10C263-43FF-487D-96D0-C854F39F64D9}.Debug|Any CPU.ActiveCfg = Debug|Any CPU
		{6A10C263-43FF-487D-96D0-C854F39F64D9}.Debug|Any CPU.Build.0 = Debug|Any CPU
		{6A10C263-43FF-487D-96D0-C854F39F64D9}.Release|Any CPU.ActiveCfg = Release|Any CPU
		{6A10C263-43FF-487D-96D0-C854F39F64D9}.Release|Any CPU.Build.0 = Release|Any CPU
		{16BEE6F1-D28A-4EAC-B7CC-5455118A643F}.Debug|Any CPU.ActiveCfg = Debug|Any CPU
		{16BEE6F1-D28A-4EAC-B7CC-5455118A643F}.Debug|Any CPU.Build.0 = Debug|Any CPU
		{16BEE6F1-D28A-4EAC-B7CC-5455118A643F}.Release|Any CPU.ActiveCfg = Release|Any CPU
		{16BEE6F1-D28A-4EAC-B7CC-5455118A643F}.Release|Any CPU.Build.0 = Release|Any CPU
	EndGlobalSection
	GlobalSection(SolutionProperties) = preSolution
		HideSolutionNode = FALSE
	EndGlobalSection
	GlobalSection(NestedProjects) = preSolution
		{4D5CCF45-85BF-40C9-8EB6-6750E74D3C77} = {68AF0D57-B4A1-4182-8E91-FBFE2B129676}
		{6E6CA048-559C-4AC9-B6C4-76901CA8AA8A} = {BBDE6BBF-BCCC-461E-BBAC-97667BE85B9F}
		{B8111267-4CC8-4A84-90C3-22267689C229} = {68AF0D57-B4A1-4182-8E91-FBFE2B129676}
		{16982E78-A92B-46FA-BFEF-B2FB1EA97F87} = {BBDE6BBF-BCCC-461E-BBAC-97667BE85B9F}
		{F6B98B8B-4632-4B04-8A9C-AA40DB2062DB} = {BBDE6BBF-BCCC-461E-BBAC-97667BE85B9F}
		{BACA8E40-47D3-48EA-B08D-5DCA13608EAE} = {BBDE6BBF-BCCC-461E-BBAC-97667BE85B9F}
		{5EC2C922-E1D5-46B4-A19D-9C4D2E7B2FF6} = {BBDE6BBF-BCCC-461E-BBAC-97667BE85B9F}
		{F46B15E7-A0D3-4D95-ACA6-F2AD8A8FD26D} = {68AF0D57-B4A1-4182-8E91-FBFE2B129676}
		{30BBE155-3881-43B5-8549-1063F23A3741} = {68AF0D57-B4A1-4182-8E91-FBFE2B129676}
		{6C6C1D2B-B2CB-47D0-9508-E694F0383223} = {BBDE6BBF-BCCC-461E-BBAC-97667BE85B9F}
		{3E44E78A-B5F1-4F04-95DA-C28C79602A5D} = {BBDE6BBF-BCCC-461E-BBAC-97667BE85B9F}
		{FF9EEBB5-5E2F-4373-8894-405C9C017794} = {BBDE6BBF-BCCC-461E-BBAC-97667BE85B9F}
		{667A4E22-EEF9-4628-B5F8-A526C6F10FD9} = {56C833BF-9DD4-4824-A347-60FC36476327}
		{E9C9B0D9-BE50-4DF9-B6CC-74D95821059B} = {56C833BF-9DD4-4824-A347-60FC36476327}
		{7145EAFF-6CAB-4F43-97FC-EF697B70B56E} = {56C833BF-9DD4-4824-A347-60FC36476327}
		{C62B1083-A1EC-464A-81BE-8CB6F6EF394A} = {56C833BF-9DD4-4824-A347-60FC36476327}
		{9085037D-16B6-427B-9605-B05C1979D13B} = {68AF0D57-B4A1-4182-8E91-FBFE2B129676}
		{195C220F-4E5B-4229-A03E-7B8BA3CDEFDB} = {56C833BF-9DD4-4824-A347-60FC36476327}
		{EF5E6A5A-7390-4FD1-B921-7C6AB8244C83} = {964FDDFD-34E6-4B48-A855-A3547EC567CA}
		{567C95E4-14F4-4496-A3BC-E325F9CF9F74} = {964FDDFD-34E6-4B48-A855-A3547EC567CA}
		{FC0C405C-C762-46AF-B9AC-81AA193B9331} = {964FDDFD-34E6-4B48-A855-A3547EC567CA}
		{D0A2C611-C64A-46EC-B8F3-344A7C22A05E} = {68AF0D57-B4A1-4182-8E91-FBFE2B129676}
		{2194A07F-E626-43D3-B625-7DADD41072C7} = {21886F4A-4B84-488E-9C8F-1BB4DFC5CEEA}
		{31C8251E-4B8B-43CC-BEEF-CD11A8ACA56D} = {21886F4A-4B84-488E-9C8F-1BB4DFC5CEEA}
	EndGlobalSection
	GlobalSection(ExtensibilityGlobals) = postSolution
		SolutionGuid = {79929830-9ADC-4F01-ADB2-C58AF07331E9}
	EndGlobalSection
EndGlobal
